// !$*UTF8*$!
{
	archiveVersion = 1;
	classes = {
	};
	objectVersion = 50;
	objects = {

/* Begin PBXBuildFile section */
		D992103C267F97CC00200BE7 /* AppDelegate.swift in Sources */ = {isa = PBXBuildFile; fileRef = D992103B267F97CC00200BE7 /* AppDelegate.swift */; };
		D992103E267F97CC00200BE7 /* SceneDelegate.swift in Sources */ = {isa = PBXBuildFile; fileRef = D992103D267F97CC00200BE7 /* SceneDelegate.swift */; };
		D9921040267F97CC00200BE7 /* ViewController.swift in Sources */ = {isa = PBXBuildFile; fileRef = D992103F267F97CC00200BE7 /* ViewController.swift */; };
		D9921043267F97CC00200BE7 /* Main.storyboard in Resources */ = {isa = PBXBuildFile; fileRef = D9921041267F97CC00200BE7 /* Main.storyboard */; };
		D9921046267F97CC00200BE7 /* RevenueCredits.xcdatamodeld in Sources */ = {isa = PBXBuildFile; fileRef = D9921044267F97CC00200BE7 /* RevenueCredits.xcdatamodeld */; };
		D9921048267F97D800200BE7 /* Assets.xcassets in Resources */ = {isa = PBXBuildFile; fileRef = D9921047267F97D800200BE7 /* Assets.xcassets */; };
		D992104B267F97D800200BE7 /* LaunchScreen.storyboard in Resources */ = {isa = PBXBuildFile; fileRef = D9921049267F97D800200BE7 /* LaunchScreen.storyboard */; };
		D992105A267F987700200BE7 /* Project.swift in Sources */ = {isa = PBXBuildFile; fileRef = D9921059267F987700200BE7 /* Project.swift */; };
		D992105D267F99A300200BE7 /* AllProjects.swift in Sources */ = {isa = PBXBuildFile; fileRef = D992105C267F99A300200BE7 /* AllProjects.swift */; };
		D9921064267F9AEC00200BE7 /* SimulateRcs.swift in Sources */ = {isa = PBXBuildFile; fileRef = D9921063267F9AEB00200BE7 /* SimulateRcs.swift */; };
		D9921067267F9CA600200BE7 /* TestCompiler.swift in Sources */ = {isa = PBXBuildFile; fileRef = D9921066267F9CA600200BE7 /* TestCompiler.swift */; };
		D992106B267FBBC100200BE7 /* ProjectDM+CoreDataClass.swift in Sources */ = {isa = PBXBuildFile; fileRef = D9921069267FBBC100200BE7 /* ProjectDM+CoreDataClass.swift */; };
		D992106C267FBBC100200BE7 /* ProjectDM+CoreDataProperties.swift in Sources */ = {isa = PBXBuildFile; fileRef = D992106A267FBBC100200BE7 /* ProjectDM+CoreDataProperties.swift */; };
		D9921072267FBBE800200BE7 /* CoreDataManager.swift in Sources */ = {isa = PBXBuildFile; fileRef = D9921071267FBBE800200BE7 /* CoreDataManager.swift */; };
/* End PBXBuildFile section */

/* Begin PBXFileReference section */
		D9921038267F97CC00200BE7 /* RevenueCredits.app */ = {isa = PBXFileReference; explicitFileType = wrapper.application; includeInIndex = 0; path = RevenueCredits.app; sourceTree = BUILT_PRODUCTS_DIR; };
		D992103B267F97CC00200BE7 /* AppDelegate.swift */ = {isa = PBXFileReference; lastKnownFileType = sourcecode.swift; path = AppDelegate.swift; sourceTree = "<group>"; };
		D992103D267F97CC00200BE7 /* SceneDelegate.swift */ = {isa = PBXFileReference; lastKnownFileType = sourcecode.swift; path = SceneDelegate.swift; sourceTree = "<group>"; };
		D992103F267F97CC00200BE7 /* ViewController.swift */ = {isa = PBXFileReference; lastKnownFileType = sourcecode.swift; path = ViewController.swift; sourceTree = "<group>"; };
		D9921042267F97CC00200BE7 /* Base */ = {isa = PBXFileReference; lastKnownFileType = file.storyboard; name = Base; path = Base.lproj/Main.storyboard; sourceTree = "<group>"; };
		D9921045267F97CC00200BE7 /* RevenueCredits.xcdatamodel */ = {isa = PBXFileReference; lastKnownFileType = wrapper.xcdatamodel; path = RevenueCredits.xcdatamodel; sourceTree = "<group>"; };
		D9921047267F97D800200BE7 /* Assets.xcassets */ = {isa = PBXFileReference; lastKnownFileType = folder.assetcatalog; path = Assets.xcassets; sourceTree = "<group>"; };
		D992104A267F97D800200BE7 /* Base */ = {isa = PBXFileReference; lastKnownFileType = file.storyboard; name = Base; path = Base.lproj/LaunchScreen.storyboard; sourceTree = "<group>"; };
		D992104C267F97D800200BE7 /* Info.plist */ = {isa = PBXFileReference; lastKnownFileType = text.plist.xml; path = Info.plist; sourceTree = "<group>"; };
		D9921059267F987700200BE7 /* Project.swift */ = {isa = PBXFileReference; lastKnownFileType = sourcecode.swift; path = Project.swift; sourceTree = "<group>"; };
		D992105C267F99A300200BE7 /* AllProjects.swift */ = {isa = PBXFileReference; lastKnownFileType = sourcecode.swift; path = AllProjects.swift; sourceTree = "<group>"; };
		D9921063267F9AEB00200BE7 /* SimulateRcs.swift */ = {isa = PBXFileReference; lastKnownFileType = sourcecode.swift; path = SimulateRcs.swift; sourceTree = "<group>"; };
		D9921066267F9CA600200BE7 /* TestCompiler.swift */ = {isa = PBXFileReference; lastKnownFileType = sourcecode.swift; path = TestCompiler.swift; sourceTree = "<group>"; };
		D9921069267FBBC100200BE7 /* ProjectDM+CoreDataClass.swift */ = {isa = PBXFileReference; lastKnownFileType = sourcecode.swift; path = "ProjectDM+CoreDataClass.swift"; sourceTree = "<group>"; };
		D992106A267FBBC100200BE7 /* ProjectDM+CoreDataProperties.swift */ = {isa = PBXFileReference; lastKnownFileType = sourcecode.swift; path = "ProjectDM+CoreDataProperties.swift"; sourceTree = "<group>"; };
		D9921071267FBBE800200BE7 /* CoreDataManager.swift */ = {isa = PBXFileReference; lastKnownFileType = sourcecode.swift; path = CoreDataManager.swift; sourceTree = "<group>"; };
/* End PBXFileReference section */

/* Begin PBXFrameworksBuildPhase section */
		D9921035267F97CC00200BE7 /* Frameworks */ = {
			isa = PBXFrameworksBuildPhase;
			buildActionMask = 2147483647;
			files = (
			);
			runOnlyForDeploymentPostprocessing = 0;
		};
/* End PBXFrameworksBuildPhase section */

/* Begin PBXGroup section */
		D992102F267F97CC00200BE7 = {
			isa = PBXGroup;
			children = (
				D992103A267F97CC00200BE7 /* RevenueCredits */,
				D9921039267F97CC00200BE7 /* Products */,
			);
			sourceTree = "<group>";
		};
		D9921039267F97CC00200BE7 /* Products */ = {
			isa = PBXGroup;
			children = (
				D9921038267F97CC00200BE7 /* RevenueCredits.app */,
			);
			name = Products;
			sourceTree = "<group>";
		};
		D992103A267F97CC00200BE7 /* RevenueCredits */ = {
			isa = PBXGroup;
			children = (
				D9921058267F986900200BE7 /* Objects */,
				D9921057267F986200200BE7 /* Models */,
				D9921056267F985700200BE7 /* DataModel */,
				D9921055267F983900200BE7 /* Views */,
				D9921054267F982400200BE7 /* Controllers */,
				D9921053267F980A00200BE7 /* Delegates */,
				D9921047267F97D800200BE7 /* Assets.xcassets */,
				D992104C267F97D800200BE7 /* Info.plist */,
			);
			path = RevenueCredits;
			sourceTree = "<group>";
		};
		D9921053267F980A00200BE7 /* Delegates */ = {
			isa = PBXGroup;
			children = (
				D992103D267F97CC00200BE7 /* SceneDelegate.swift */,
				D992103B267F97CC00200BE7 /* AppDelegate.swift */,
			);
			path = Delegates;
			sourceTree = "<group>";
		};
		D9921054267F982400200BE7 /* Controllers */ = {
			isa = PBXGroup;
			children = (
				D992103F267F97CC00200BE7 /* ViewController.swift */,
			);
			path = Controllers;
			sourceTree = "<group>";
		};
		D9921055267F983900200BE7 /* Views */ = {
			isa = PBXGroup;
			children = (
				D9921049267F97D800200BE7 /* LaunchScreen.storyboard */,
				D9921041267F97CC00200BE7 /* Main.storyboard */,
			);
			path = Views;
			sourceTree = "<group>";
		};
		D9921056267F985700200BE7 /* DataModel */ = {
			isa = PBXGroup;
			children = (
				D9921069267FBBC100200BE7 /* ProjectDM+CoreDataClass.swift */,
				D992106A267FBBC100200BE7 /* ProjectDM+CoreDataProperties.swift */,
				D9921044267F97CC00200BE7 /* RevenueCredits.xcdatamodeld */,
			);
			path = DataModel;
			sourceTree = "<group>";
		};
		D9921057267F986200200BE7 /* Models */ = {
			isa = PBXGroup;
			children = (
				D9921063267F9AEB00200BE7 /* SimulateRcs.swift */,
				D9921066267F9CA600200BE7 /* TestCompiler.swift */,
				D9921071267FBBE800200BE7 /* CoreDataManager.swift */,
			);
			path = Models;
			sourceTree = "<group>";
		};
		D9921058267F986900200BE7 /* Objects */ = {
			isa = PBXGroup;
			children = (
				D9921059267F987700200BE7 /* Project.swift */,
				D992105C267F99A300200BE7 /* AllProjects.swift */,
			);
			path = Objects;
			sourceTree = "<group>";
		};
/* End PBXGroup section */

/* Begin PBXNativeTarget section */
		D9921037267F97CC00200BE7 /* RevenueCredits */ = {
			isa = PBXNativeTarget;
			buildConfigurationList = D992104F267F97D800200BE7 /* Build configuration list for PBXNativeTarget "RevenueCredits" */;
			buildPhases = (
				D9921034267F97CC00200BE7 /* Sources */,
				D9921035267F97CC00200BE7 /* Frameworks */,
				D9921036267F97CC00200BE7 /* Resources */,
			);
			buildRules = (
			);
			dependencies = (
			);
			name = RevenueCredits;
			productName = RevenueCredits;
			productReference = D9921038267F97CC00200BE7 /* RevenueCredits.app */;
			productType = "com.apple.product-type.application";
		};
/* End PBXNativeTarget section */

/* Begin PBXProject section */
		D9921030267F97CC00200BE7 /* Project object */ = {
			isa = PBXProject;
			attributes = {
				LastSwiftUpdateCheck = 1240;
				LastUpgradeCheck = 1240;
				TargetAttributes = {
					D9921037267F97CC00200BE7 = {
						CreatedOnToolsVersion = 12.4;
					};
				};
			};
			buildConfigurationList = D9921033267F97CC00200BE7 /* Build configuration list for PBXProject "RevenueCredits" */;
			compatibilityVersion = "Xcode 9.3";
			developmentRegion = en;
			hasScannedForEncodings = 0;
			knownRegions = (
				en,
				Base,
			);
			mainGroup = D992102F267F97CC00200BE7;
			productRefGroup = D9921039267F97CC00200BE7 /* Products */;
			projectDirPath = "";
			projectRoot = "";
			targets = (
				D9921037267F97CC00200BE7 /* RevenueCredits */,
			);
		};
/* End PBXProject section */

/* Begin PBXResourcesBuildPhase section */
		D9921036267F97CC00200BE7 /* Resources */ = {
			isa = PBXResourcesBuildPhase;
			buildActionMask = 2147483647;
			files = (
				D992104B267F97D800200BE7 /* LaunchScreen.storyboard in Resources */,
				D9921048267F97D800200BE7 /* Assets.xcassets in Resources */,
				D9921043267F97CC00200BE7 /* Main.storyboard in Resources */,
			);
			runOnlyForDeploymentPostprocessing = 0;
		};
/* End PBXResourcesBuildPhase section */

/* Begin PBXSourcesBuildPhase section */
		D9921034267F97CC00200BE7 /* Sources */ = {
			isa = PBXSourcesBuildPhase;
			buildActionMask = 2147483647;
			files = (
				D9921067267F9CA600200BE7 /* TestCompiler.swift in Sources */,
				D9921064267F9AEC00200BE7 /* SimulateRcs.swift in Sources */,
				D9921040267F97CC00200BE7 /* ViewController.swift in Sources */,
				D992106B267FBBC100200BE7 /* ProjectDM+CoreDataClass.swift in Sources */,
				D992105D267F99A300200BE7 /* AllProjects.swift in Sources */,
				D992103C267F97CC00200BE7 /* AppDelegate.swift in Sources */,
				D992103E267F97CC00200BE7 /* SceneDelegate.swift in Sources */,
				D992105A267F987700200BE7 /* Project.swift in Sources */,
				D992106C267FBBC100200BE7 /* ProjectDM+CoreDataProperties.swift in Sources */,
				D9921046267F97CC00200BE7 /* RevenueCredits.xcdatamodeld in Sources */,
				D9921072267FBBE800200BE7 /* CoreDataManager.swift in Sources */,
			);
			runOnlyForDeploymentPostprocessing = 0;
		};
/* End PBXSourcesBuildPhase section */

/* Begin PBXVariantGroup section */
		D9921041267F97CC00200BE7 /* Main.storyboard */ = {
			isa = PBXVariantGroup;
			children = (
				D9921042267F97CC00200BE7 /* Base */,
			);
			name = Main.storyboard;
			sourceTree = "<group>";
		};
		D9921049267F97D800200BE7 /* LaunchScreen.storyboard */ = {
			isa = PBXVariantGroup;
			children = (
				D992104A267F97D800200BE7 /* Base */,
			);
			name = LaunchScreen.storyboard;
			sourceTree = "<group>";
		};
/* End PBXVariantGroup section */

/* Begin XCBuildConfiguration section */
		D992104D267F97D800200BE7 /* Debug */ = {
			isa = XCBuildConfiguration;
			buildSettings = {
				ALWAYS_SEARCH_USER_PATHS = NO;
				CLANG_ANALYZER_NONNULL = YES;
				CLANG_ANALYZER_NUMBER_OBJECT_CONVERSION = YES_AGGRESSIVE;
				CLANG_CXX_LANGUAGE_STANDARD = "gnu++14";
				CLANG_CXX_LIBRARY = "libc++";
				CLANG_ENABLE_MODULES = YES;
				CLANG_ENABLE_OBJC_ARC = YES;
				CLANG_ENABLE_OBJC_WEAK = YES;
				CLANG_WARN_BLOCK_CAPTURE_AUTORELEASING = YES;
				CLANG_WARN_BOOL_CONVERSION = YES;
				CLANG_WARN_COMMA = YES;
				CLANG_WARN_CONSTANT_CONVERSION = YES;
				CLANG_WARN_DEPRECATED_OBJC_IMPLEMENTATIONS = YES;
				CLANG_WARN_DIRECT_OBJC_ISA_USAGE = YES_ERROR;
				CLANG_WARN_DOCUMENTATION_COMMENTS = YES;
				CLANG_WARN_EMPTY_BODY = YES;
				CLANG_WARN_ENUM_CONVERSION = YES;
				CLANG_WARN_INFINITE_RECURSION = YES;
				CLANG_WARN_INT_CONVERSION = YES;
				CLANG_WARN_NON_LITERAL_NULL_CONVERSION = YES;
				CLANG_WARN_OBJC_IMPLICIT_RETAIN_SELF = YES;
				CLANG_WARN_OBJC_LITERAL_CONVERSION = YES;
				CLANG_WARN_OBJC_ROOT_CLASS = YES_ERROR;
				CLANG_WARN_QUOTED_INCLUDE_IN_FRAMEWORK_HEADER = YES;
				CLANG_WARN_RANGE_LOOP_ANALYSIS = YES;
				CLANG_WARN_STRICT_PROTOTYPES = YES;
				CLANG_WARN_SUSPICIOUS_MOVE = YES;
				CLANG_WARN_UNGUARDED_AVAILABILITY = YES_AGGRESSIVE;
				CLANG_WARN_UNREACHABLE_CODE = YES;
				CLANG_WARN__DUPLICATE_METHOD_MATCH = YES;
				COPY_PHASE_STRIP = NO;
				DEBUG_INFORMATION_FORMAT = dwarf;
				ENABLE_STRICT_OBJC_MSGSEND = YES;
				ENABLE_TESTABILITY = YES;
				GCC_C_LANGUAGE_STANDARD = gnu11;
				GCC_DYNAMIC_NO_PIC = NO;
				GCC_NO_COMMON_BLOCKS = YES;
				GCC_OPTIMIZATION_LEVEL = 0;
				GCC_PREPROCESSOR_DEFINITIONS = (
					"DEBUG=1",
					"$(inherited)",
				);
				GCC_WARN_64_TO_32_BIT_CONVERSION = YES;
				GCC_WARN_ABOUT_RETURN_TYPE = YES_ERROR;
				GCC_WARN_UNDECLARED_SELECTOR = YES;
				GCC_WARN_UNINITIALIZED_AUTOS = YES_AGGRESSIVE;
				GCC_WARN_UNUSED_FUNCTION = YES;
				GCC_WARN_UNUSED_VARIABLE = YES;
				IPHONEOS_DEPLOYMENT_TARGET = 14.4;
				MTL_ENABLE_DEBUG_INFO = INCLUDE_SOURCE;
				MTL_FAST_MATH = YES;
				ONLY_ACTIVE_ARCH = YES;
				SDKROOT = iphoneos;
				SWIFT_ACTIVE_COMPILATION_CONDITIONS = DEBUG;
				SWIFT_OPTIMIZATION_LEVEL = "-Onone";
			};
			name = Debug;
		};
		D992104E267F97D800200BE7 /* Release */ = {
			isa = XCBuildConfiguration;
			buildSettings = {
				ALWAYS_SEARCH_USER_PATHS = NO;
				CLANG_ANALYZER_NONNULL = YES;
				CLANG_ANALYZER_NUMBER_OBJECT_CONVERSION = YES_AGGRESSIVE;
				CLANG_CXX_LANGUAGE_STANDARD = "gnu++14";
				CLANG_CXX_LIBRARY = "libc++";
				CLANG_ENABLE_MODULES = YES;
				CLANG_ENABLE_OBJC_ARC = YES;
				CLANG_ENABLE_OBJC_WEAK = YES;
				CLANG_WARN_BLOCK_CAPTURE_AUTORELEASING = YES;
				CLANG_WARN_BOOL_CONVERSION = YES;
				CLANG_WARN_COMMA = YES;
				CLANG_WARN_CONSTANT_CONVERSION = YES;
				CLANG_WARN_DEPRECATED_OBJC_IMPLEMENTATIONS = YES;
				CLANG_WARN_DIRECT_OBJC_ISA_USAGE = YES_ERROR;
				CLANG_WARN_DOCUMENTATION_COMMENTS = YES;
				CLANG_WARN_EMPTY_BODY = YES;
				CLANG_WARN_ENUM_CONVERSION = YES;
				CLANG_WARN_INFINITE_RECURSION = YES;
				CLANG_WARN_INT_CONVERSION = YES;
				CLANG_WARN_NON_LITERAL_NULL_CONVERSION = YES;
				CLANG_WARN_OBJC_IMPLICIT_RETAIN_SELF = YES;
				CLANG_WARN_OBJC_LITERAL_CONVERSION = YES;
				CLANG_WARN_OBJC_ROOT_CLASS = YES_ERROR;
				CLANG_WARN_QUOTED_INCLUDE_IN_FRAMEWORK_HEADER = YES;
				CLANG_WARN_RANGE_LOOP_ANALYSIS = YES;
				CLANG_WARN_STRICT_PROTOTYPES = YES;
				CLANG_WARN_SUSPICIOUS_MOVE = YES;
				CLANG_WARN_UNGUARDED_AVAILABILITY = YES_AGGRESSIVE;
				CLANG_WARN_UNREACHABLE_CODE = YES;
				CLANG_WARN__DUPLICATE_METHOD_MATCH = YES;
				COPY_PHASE_STRIP = NO;
				DEBUG_INFORMATION_FORMAT = "dwarf-with-dsym";
				ENABLE_NS_ASSERTIONS = NO;
				ENABLE_STRICT_OBJC_MSGSEND = YES;
				GCC_C_LANGUAGE_STANDARD = gnu11;
				GCC_NO_COMMON_BLOCKS = YES;
				GCC_WARN_64_TO_32_BIT_CONVERSION = YES;
				GCC_WARN_ABOUT_RETURN_TYPE = YES_ERROR;
				GCC_WARN_UNDECLARED_SELECTOR = YES;
				GCC_WARN_UNINITIALIZED_AUTOS = YES_AGGRESSIVE;
				GCC_WARN_UNUSED_FUNCTION = YES;
				GCC_WARN_UNUSED_VARIABLE = YES;
				IPHONEOS_DEPLOYMENT_TARGET = 14.4;
				MTL_ENABLE_DEBUG_INFO = NO;
				MTL_FAST_MATH = YES;
				SDKROOT = iphoneos;
				SWIFT_COMPILATION_MODE = wholemodule;
				SWIFT_OPTIMIZATION_LEVEL = "-O";
				VALIDATE_PRODUCT = YES;
			};
			name = Release;
		};
		D9921050267F97D800200BE7 /* Debug */ = {
			isa = XCBuildConfiguration;
			buildSettings = {
				ASSETCATALOG_COMPILER_APPICON_NAME = AppIcon;
				ASSETCATALOG_COMPILER_GLOBAL_ACCENT_COLOR_NAME = AccentColor;
				CODE_SIGN_STYLE = Automatic;
				DEVELOPMENT_TEAM = HMLB4UKN32;
				INFOPLIST_FILE = RevenueCredits/Info.plist;
				LD_RUNPATH_SEARCH_PATHS = (
					"$(inherited)",
					"@executable_path/Frameworks",
				);
				PRODUCT_BUNDLE_IDENTIFIER = com.lunaSoftware.RevenueCredits;
				PRODUCT_NAME = "$(TARGET_NAME)";
				SWIFT_VERSION = 5.0;
				TARGETED_DEVICE_FAMILY = "1,2";
			};
			name = Debug;
		};
		D9921051267F97D800200BE7 /* Release */ = {
			isa = XCBuildConfiguration;
			buildSettings = {
				ASSETCATALOG_COMPILER_APPICON_NAME = AppIcon;
				ASSETCATALOG_COMPILER_GLOBAL_ACCENT_COLOR_NAME = AccentColor;
				CODE_SIGN_STYLE = Automatic;
				DEVELOPMENT_TEAM = HMLB4UKN32;
				INFOPLIST_FILE = RevenueCredits/Info.plist;
				LD_RUNPATH_SEARCH_PATHS = (
					"$(inherited)",
					"@executable_path/Frameworks",
				);
				PRODUCT_BUNDLE_IDENTIFIER = com.lunaSoftware.RevenueCredits;
				PRODUCT_NAME = "$(TARGET_NAME)";
				SWIFT_VERSION = 5.0;
				TARGETED_DEVICE_FAMILY = "1,2";
			};
			name = Release;
		};
/* End XCBuildConfiguration section */

/* Begin XCConfigurationList section */
		D9921033267F97CC00200BE7 /* Build configuration list for PBXProject "RevenueCredits" */ = {
			isa = XCConfigurationList;
			buildConfigurations = (
				D992104D267F97D800200BE7 /* Debug */,
				D992104E267F97D800200BE7 /* Release */,
			);
			defaultConfigurationIsVisible = 0;
			defaultConfigurationName = Release;
		};
		D992104F267F97D800200BE7 /* Build configuration list for PBXNativeTarget "RevenueCredits" */ = {
			isa = XCConfigurationList;
			buildConfigurations = (
				D9921050267F97D800200BE7 /* Debug */,
				D9921051267F97D800200BE7 /* Release */,
			);
			defaultConfigurationIsVisible = 0;
			defaultConfigurationName = Release;
		};
/* End XCConfigurationList section */

/* Begin XCVersionGroup section */
		D9921044267F97CC00200BE7 /* RevenueCredits.xcdatamodeld */ = {
			isa = XCVersionGroup;
			children = (
				D9921045267F97CC00200BE7 /* RevenueCredits.xcdatamodel */,
			);
			currentVersion = D9921045267F97CC00200BE7 /* RevenueCredits.xcdatamodel */;
			path = RevenueCredits.xcdatamodeld;
			sourceTree = "<group>";
			versionGroupType = wrapper.xcdatamodel;
		};
/* End XCVersionGroup section */
	};
	rootObject = D9921030267F97CC00200BE7 /* Project object */;
}
